
Microsoft Visual Studio Solution File, Format Version 12.00
# Visual Studio 15
VisualStudioVersion = 15.0.27703.2042
MinimumVisualStudioVersion = 10.0.40219.1
Project("{FAE04EC0-301F-11D3-BF4B-00C04F79EFBC}") = "BuscaPreciosV2", "BuscaPreciosV2\BuscaPreciosV2.csproj", "{9EA1D15E-35F6-43B3-89E9-0F0999F3FFD4}"
EndProject
Global
	GlobalSection(SolutionConfigurationPlatforms) = preSolution
		Debug|Any CPU = Debug|Any CPU
		Release|Any CPU = Release|Any CPU
	EndGlobalSection
	GlobalSection(ProjectConfigurationPlatforms) = postSolution
		{9EA1D15E-35F6-43B3-89E9-0F0999F3FFD4}.Debug|Any CPU.ActiveCfg = Debug|Any CPU
		{9EA1D15E-35F6-43B3-89E9-0F0999F3FFD4}.Debug|Any CPU.Build.0 = Debug|Any CPU
		{9EA1D15E-35F6-43B3-89E9-0F0999F3FFD4}.Release|Any CPU.ActiveCfg = Release|Any CPU
		{9EA1D15E-35F6-43B3-89E9-0F0999F3FFD4}.Release|Any CPU.Build.0 = Release|Any CPU
	EndGlobalSection
	GlobalSection(SolutionProperties) = preSolution
		HideSolutionNode = FALSE
	EndGlobalSection
	GlobalSection(ExtensibilityGlobals) = postSolution
		SolutionGuid = {8BF0AE28-B00A-4E5D-AB2F-4DB5CF471A98}
	EndGlobalSection
EndGlobal
